
Microsoft Visual Studio Solution File, Format Version 12.00
# Visual Studio Version 16
VisualStudioVersion = 16.0.31702.278
MinimumVisualStudioVersion = 10.0.40219.1
Project("{FAE04EC0-301F-11D3-BF4B-00C04F79EFBC}") = "Resistencias", "Resistencias\Resistencias.csproj", "{BDE8E512-5CE6-4905-9D69-943E16B83CAE}"
EndProject
Global
	GlobalSection(SolutionConfigurationPlatforms) = preSolution
		Debug|Any CPU = Debug|Any CPU
		Release|Any CPU = Release|Any CPU
	EndGlobalSection
	GlobalSection(ProjectConfigurationPlatforms) = postSolution
		{BDE8E512-5CE6-4905-9D69-943E16B83CAE}.Debug|Any CPU.ActiveCfg = Debug|Any CPU
		{BDE8E512-5CE6-4905-9D69-943E16B83CAE}.Debug|Any CPU.Build.0 = Debug|Any CPU
		{BDE8E512-5CE6-4905-9D69-943E16B83CAE}.Release|Any CPU.ActiveCfg = Release|Any CPU
		{BDE8E512-5CE6-4905-9D69-943E16B83CAE}.Release|Any CPU.Build.0 = Release|Any CPU
	EndGlobalSection
	GlobalSection(SolutionProperties) = preSolution
		HideSolutionNode = FALSE
	EndGlobalSection
	GlobalSection(ExtensibilityGlobals) = postSolution
		SolutionGuid = {36E1D4F3-A451-4610-9219-D40396BF85AE}
	EndGlobalSection
EndGlobal
